# This file is generated by running "yarn install" inside your project.
# Manual changes might be lost - proceed with caution!

__metadata:
  version: 9
  cacheKey: 10

"@isaacs/fs-minipass@npm:^4.0.0":
  version: 4.0.1
  resolution: "@isaacs/fs-minipass@npm:4.0.1"
  dependencies:
    minipass: "npm:^7.0.4"
  checksum: 10/4412e9e6713c89c1e66d80bb0bb5a2a93192f10477623a27d08f228ba0316bb880affabc5bfe7f838f58a34d26c2c190da726e576cdfc18c49a72e89adabdcf5
  languageName: node
  linkType: hard

"@oxc-project/runtime@npm:=0.127.0":
  version: 0.127.0
  resolution: "@oxc-project/runtime@npm:0.127.0"
  checksum: 10/60a417a0e7a796a1592542d4b778e4e61679e0fcc674b2230ae655b03071737c7e447718588d119347a141a90d44928931302a0ecae0c32d489e18e0692161e6
  languageName: node
  linkType: hard

"@oxc-project/types@npm:=0.127.0":
  version: 0.127.0
  resolution: "@oxc-project/types@npm:0.127.0"
  checksum: 10/f154f4720367186aed63a16fb1395f9039d4e6872265fe9e6b5eacc02fb2b948f9ea6c5f85efd3a015ea28aa8c31232b7a8301218ae28651659e46dd0c4f2031
  languageName: node
  linkType: hard

"@oxfmt/binding-android-arm-eabi@npm:0.46.0":
  version: 0.46.0
  resolution: "@oxfmt/binding-android-arm-eabi@npm:0.46.0"
  conditions: os=android & cpu=arm
  languageName: node
  linkType: hard

"@oxfmt/binding-android-arm64@npm:0.46.0":
  version: 0.46.0
  resolution: "@oxfmt/binding-android-arm64@npm:0.46.0"
  conditions: os=android & cpu=arm64
  languageName: node
  linkType: hard

"@oxfmt/binding-darwin-arm64@npm:0.46.0":
  version: 0.46.0
  resolution: "@oxfmt/binding-darwin-arm64@npm:0.46.0"
  conditions: os=darwin & cpu=arm64
  languageName: node
  linkType: hard

"@oxfmt/binding-darwin-x64@npm:0.46.0":
  version: 0.46.0
  resolution: "@oxfmt/binding-darwin-x64@npm:0.46.0"
  conditions: os=darwin & cpu=x64
  languageName: node
  linkType: hard

"@oxfmt/binding-freebsd-x64@npm:0.46.0":
  version: 0.46.0
  resolution: "@oxfmt/binding-freebsd-x64@npm:0.46.0"
  conditions: os=freebsd & cpu=x64
  languageName: node
  linkType: hard

"@oxfmt/binding-linux-arm-gnueabihf@npm:0.46.0":
  version: 0.46.0
  resolution: "@oxfmt/binding-linux-arm-gnueabihf@npm:0.46.0"
  conditions: os=linux & cpu=arm
  languageName: node
  linkType: hard

"@oxfmt/binding-linux-arm-musleabihf@npm:0.46.0":
  version: 0.46.0
  resolution: "@oxfmt/binding-linux-arm-musleabihf@npm:0.46.0"
  conditions: os=linux & cpu=arm
  languageName: node
  linkType: hard

"@oxfmt/binding-linux-arm64-gnu@npm:0.46.0":
  version: 0.46.0
  resolution: "@oxfmt/binding-linux-arm64-gnu@npm:0.46.0"
  conditions: os=linux & cpu=arm64 & libc=glibc
  languageName: node
  linkType: hard

"@oxfmt/binding-linux-arm64-musl@npm:0.46.0":
  version: 0.46.0
  resolution: "@oxfmt/binding-linux-arm64-musl@npm:0.46.0"
  conditions: os=linux & cpu=arm64 & libc=musl
  languageName: node
  linkType: hard

"@oxfmt/binding-linux-ppc64-gnu@npm:0.46.0":
  version: 0.46.0
  resolution: "@oxfmt/binding-linux-ppc64-gnu@npm:0.46.0"
  conditions: os=linux & cpu=ppc64 & libc=glibc
  languageName: node
  linkType: hard

"@oxfmt/binding-linux-riscv64-gnu@npm:0.46.0":
  version: 0.46.0
  resolution: "@oxfmt/binding-linux-riscv64-gnu@npm:0.46.0"
  conditions: os=linux & cpu=riscv64 & libc=glibc
  languageName: node
  linkType: hard

"@oxfmt/binding-linux-riscv64-musl@npm:0.46.0":
  version: 0.46.0
  resolution: "@oxfmt/binding-linux-riscv64-musl@npm:0.46.0"
  conditions: os=linux & cpu=riscv64 & libc=musl
  languageName: node
  linkType: hard

"@oxfmt/binding-linux-s390x-gnu@npm:0.46.0":
  version: 0.46.0
  resolution: "@oxfmt/binding-linux-s390x-gnu@npm:0.46.0"
  conditions: os=linux & cpu=s390x & libc=glibc
  languageName: node
  linkType: hard

"@oxfmt/binding-linux-x64-gnu@npm:0.46.0":
  version: 0.46.0
  resolution: "@oxfmt/binding-linux-x64-gnu@npm:0.46.0"
  conditions: os=linux & cpu=x64 & libc=glibc
  languageName: node
  linkType: hard

"@oxfmt/binding-linux-x64-musl@npm:0.46.0":
  version: 0.46.0
  resolution: "@oxfmt/binding-linux-x64-musl@npm:0.46.0"
  conditions: os=linux & cpu=x64 & libc=musl
  languageName: node
  linkType: hard

"@oxfmt/binding-openharmony-arm64@npm:0.46.0":
  version: 0.46.0
  resolution: "@oxfmt/binding-openharmony-arm64@npm:0.46.0"
  conditions: os=openharmony & cpu=arm64
  languageName: node
  linkType: hard

"@oxfmt/binding-win32-arm64-msvc@npm:0.46.0":
  version: 0.46.0
  resolution: "@oxfmt/binding-win32-arm64-msvc@npm:0.46.0"
  conditions: os=win32 & cpu=arm64
  languageName: node
  linkType: hard

"@oxfmt/binding-win32-ia32-msvc@npm:0.46.0":
  version: 0.46.0
  resolution: "@oxfmt/binding-win32-ia32-msvc@npm:0.46.0"
  conditions: os=win32 & cpu=ia32
  languageName: node
  linkType: hard

"@oxfmt/binding-win32-x64-msvc@npm:0.46.0":
  version: 0.46.0
  resolution: "@oxfmt/binding-win32-x64-msvc@npm:0.46.0"
  conditions: os=win32 & cpu=x64
  languageName: node
  linkType: hard

"@oxlint-tsgolint/darwin-arm64@npm:0.22.0":
  version: 0.22.0
  resolution: "@oxlint-tsgolint/darwin-arm64@npm:0.22.0"
  conditions: os=darwin & cpu=arm64
  languageName: node
  linkType: hard

"@oxlint-tsgolint/darwin-x64@npm:0.22.0":
  version: 0.22.0
  resolution: "@oxlint-tsgolint/darwin-x64@npm:0.22.0"
  conditions: os=darwin & cpu=x64
  languageName: node
  linkType: hard

"@oxlint-tsgolint/linux-arm64@npm:0.22.0":
  version: 0.22.0
  resolution: "@oxlint-tsgolint/linux-arm64@npm:0.22.0"
  conditions: os=linux & cpu=arm64
  languageName: node
  linkType: hard

"@oxlint-tsgolint/linux-x64@npm:0.22.0":
  version: 0.22.0
  resolution: "@oxlint-tsgolint/linux-x64@npm:0.22.0"
  conditions: os=linux & cpu=x64
  languageName: node
  linkType: hard

"@oxlint-tsgolint/win32-arm64@npm:0.22.0":
  version: 0.22.0
  resolution: "@oxlint-tsgolint/win32-arm64@npm:0.22.0"
  conditions: os=win32 & cpu=arm64
  languageName: node
  linkType: hard

"@oxlint-tsgolint/win32-x64@npm:0.22.0":
  version: 0.22.0
  resolution: "@oxlint-tsgolint/win32-x64@npm:0.22.0"
  conditions: os=win32 & cpu=x64
  languageName: node
  linkType: hard

"@oxlint/binding-android-arm-eabi@npm:1.61.0":
  version: 1.61.0
  resolution: "@oxlint/binding-android-arm-eabi@npm:1.61.0"
  conditions: os=android & cpu=arm
  languageName: node
  linkType: hard

"@oxlint/binding-android-arm64@npm:1.61.0":
  version: 1.61.0
  resolution: "@oxlint/binding-android-arm64@npm:1.61.0"
  conditions: os=android & cpu=arm64
  languageName: node
  linkType: hard

"@oxlint/binding-darwin-arm64@npm:1.61.0":
  version: 1.61.0
  resolution: "@oxlint/binding-darwin-arm64@npm:1.61.0"
  conditions: os=darwin & cpu=arm64
  languageName: node
  linkType: hard

"@oxlint/binding-darwin-x64@npm:1.61.0":
  version: 1.61.0
  resolution: "@oxlint/binding-darwin-x64@npm:1.61.0"
  conditions: os=darwin & cpu=x64
  languageName: node
  linkType: hard

"@oxlint/binding-freebsd-x64@npm:1.61.0":
  version: 1.61.0
  resolution: "@oxlint/binding-freebsd-x64@npm:1.61.0"
  conditions: os=freebsd & cpu=x64
  languageName: node
  linkType: hard

"@oxlint/binding-linux-arm-gnueabihf@npm:1.61.0":
  version: 1.61.0
  resolution: "@oxlint/binding-linux-arm-gnueabihf@npm:1.61.0"
  conditions: os=linux & cpu=arm
  languageName: node
  linkType: hard

"@oxlint/binding-linux-arm-musleabihf@npm:1.61.0":
  version: 1.61.0
  resolution: "@oxlint/binding-linux-arm-musleabihf@npm:1.61.0"
  conditions: os=linux & cpu=arm
  languageName: node
  linkType: hard

"@oxlint/binding-linux-arm64-gnu@npm:1.61.0":
  version: 1.61.0
  resolution: "@oxlint/binding-linux-arm64-gnu@npm:1.61.0"
  conditions: os=linux & cpu=arm64 & libc=glibc
  languageName: node
  linkType: hard

"@oxlint/binding-linux-arm64-musl@npm:1.61.0":
  version: 1.61.0
  resolution: "@oxlint/binding-linux-arm64-musl@npm:1.61.0"
  conditions: os=linux & cpu=arm64 & libc=musl
  languageName: node
  linkType: hard

"@oxlint/binding-linux-ppc64-gnu@npm:1.61.0":
  version: 1.61.0
  resolution: "@oxlint/binding-linux-ppc64-gnu@npm:1.61.0"
  conditions: os=linux & cpu=ppc64 & libc=glibc
  languageName: node
  linkType: hard

"@oxlint/binding-linux-riscv64-gnu@npm:1.61.0":
  version: 1.61.0
  resolution: "@oxlint/binding-linux-riscv64-gnu@npm:1.61.0"
  conditions: os=linux & cpu=riscv64 & libc=glibc
  languageName: node
  linkType: hard

"@oxlint/binding-linux-riscv64-musl@npm:1.61.0":
  version: 1.61.0
  resolution: "@oxlint/binding-linux-riscv64-musl@npm:1.61.0"
  conditions: os=linux & cpu=riscv64 & libc=musl
  languageName: node
  linkType: hard

"@oxlint/binding-linux-s390x-gnu@npm:1.61.0":
  version: 1.61.0
  resolution: "@oxlint/binding-linux-s390x-gnu@npm:1.61.0"
  conditions: os=linux & cpu=s390x & libc=glibc
  languageName: node
  linkType: hard

"@oxlint/binding-linux-x64-gnu@npm:1.61.0":
  version: 1.61.0
  resolution: "@oxlint/binding-linux-x64-gnu@npm:1.61.0"
  conditions: os=linux & cpu=x64 & libc=glibc
  languageName: node
  linkType: hard

"@oxlint/binding-linux-x64-musl@npm:1.61.0":
  version: 1.61.0
  resolution: "@oxlint/binding-linux-x64-musl@npm:1.61.0"
  conditions: os=linux & cpu=x64 & libc=musl
  languageName: node
  linkType: hard

"@oxlint/binding-openharmony-arm64@npm:1.61.0":
  version: 1.61.0
  resolution: "@oxlint/binding-openharmony-arm64@npm:1.61.0"
  conditions: os=openharmony & cpu=arm64
  languageName: node
  linkType: hard

"@oxlint/binding-win32-arm64-msvc@npm:1.61.0":
  version: 1.61.0
  resolution: "@oxlint/binding-win32-arm64-msvc@npm:1.61.0"
  conditions: os=win32 & cpu=arm64
  languageName: node
  linkType: hard

"@oxlint/binding-win32-ia32-msvc@npm:1.61.0":
  version: 1.61.0
  resolution: "@oxlint/binding-win32-ia32-msvc@npm:1.61.0"
  conditions: os=win32 & cpu=ia32
  languageName: node
  linkType: hard

"@oxlint/binding-win32-x64-msvc@npm:1.61.0":
  version: 1.61.0
  resolution: "@oxlint/binding-win32-x64-msvc@npm:1.61.0"
  conditions: os=win32 & cpu=x64
  languageName: node
  linkType: hard

"@polka/url@npm:^1.0.0-next.24":
  version: 1.0.0-next.29
  resolution: "@polka/url@npm:1.0.0-next.29"
  checksum: 10/69ca11ab15a4ffec7f0b07fcc4e1f01489b3d9683a7e1867758818386575c60c213401259ba3705b8a812228d17e2bfd18e6f021194d943fff4bca389c9d4f28
  languageName: node
  linkType: hard

"@saeris/markdown@workspace:.":
  version: 0.0.0-use.local
  resolution: "@saeris/markdown@workspace:."
  dependencies:
    "@varlock/bumpy": "npm:^1.4.2"
    vite-plus: "npm:latest"
  languageName: unknown
  linkType: soft

"@saeris/tests@workspace:tests":
  version: 0.0.0-use.local
  resolution: "@saeris/tests@workspace:tests"
  languageName: unknown
  linkType: soft

"@standard-schema/spec@npm:^1.1.0":
  version: 1.1.0
  resolution: "@standard-schema/spec@npm:1.1.0"
  checksum: 10/a209615c9e8b2ea535d7db0a5f6aa0f962fd4ab73ee86a46c100fb78116964af1f55a27c1794d4801e534a196794223daa25ff5135021e03c7828aa3d95e1763
  languageName: node
  linkType: hard

"@types/chai@npm:^5.2.2":
  version: 5.2.3
  resolution: "@types/chai@npm:5.2.3"
  dependencies:
    "@types/deep-eql": "npm:*"
    assertion-error: "npm:^2.0.1"
  checksum: 10/e79947307dc235953622e65f83d2683835212357ca261389116ab90bed369ac862ba28b146b4fed08b503ae1e1a12cb93ce783f24bb8d562950469f4320e1c7c
  languageName: node
  linkType: hard

"@types/deep-eql@npm:*":
  version: 4.0.2
  resolution: "@types/deep-eql@npm:4.0.2"
  checksum: 10/249a27b0bb22f6aa28461db56afa21ec044fa0e303221a62dff81831b20c8530502175f1a49060f7099e7be06181078548ac47c668de79ff9880241968d43d0c
  languageName: node
  linkType: hard

"@varlock/bumpy@npm:^1.4.2":
  version: 1.4.2
  resolution: "@varlock/bumpy@npm:1.4.2"
  bin:
    bumpy: dist/cli.mjs
  checksum: 10/5196a8d0c59afd58501ea2571ff4a3d9f05f3eb155b41ba9b2db1e17578a90c479fd332fb53d63680ad89e352555aa72dc3676892544c9fc7ce8902b565dec0e
  languageName: node
  linkType: hard

"@voidzero-dev/vite-plus-core@npm:0.1.20":
  version: 0.1.20
  resolution: "@voidzero-dev/vite-plus-core@npm:0.1.20"
  dependencies:
    "@oxc-project/runtime": "npm:=0.127.0"
    "@oxc-project/types": "npm:=0.127.0"
    fsevents: "npm:~2.3.3"
    lightningcss: "npm:^1.30.2"
    postcss: "npm:^8.5.6"
  peerDependencies:
    "@arethetypeswrong/core": ^0.18.1
    "@tsdown/css": 0.21.10
    "@tsdown/exe": 0.21.10
    "@types/node": ^20.19.0 || >=22.12.0
    "@vitejs/devtools": ^0.1.0
    esbuild: ^0.27.0 || ^0.28.0
    jiti: ">=1.21.0"
    less: ^4.0.0
    publint: ^0.3.0
    sass: ^1.70.0
    sass-embedded: ^1.70.0
    stylus: ">=0.54.8"
    sugarss: ^5.0.0
    terser: ^5.16.0
    tsx: ^4.8.1
    typescript: ^5.0.0 || ^6.0.0
    unplugin-unused: ^0.5.0
    yaml: ^2.4.2
  dependenciesMeta:
    fsevents:
      optional: true
  peerDependenciesMeta:
    "@arethetypeswrong/core":
      optional: true
    "@tsdown/css":
      optional: true
    "@tsdown/exe":
      optional: true
    "@types/node":
      optional: true
    "@vitejs/devtools":
      optional: true
    esbuild:
      optional: true
    jiti:
      optional: true
    less:
      optional: true
    publint:
      optional: true
    sass:
      optional: true
    sass-embedded:
      optional: true
    stylus:
      optional: true
    sugarss:
      optional: true
    terser:
      optional: true
    tsx:
      optional: true
    typescript:
      optional: true
    unplugin-unused:
      optional: true
    yaml:
      optional: true
  checksum: 10/0cfd601d21be94e0b10536bcbe1724b15f4d2150847b58e5f43c5617385eec3e123d78e423d2241d650bf9c608e587b8b47d18890f5c4c18ec6158aa559335e5
  languageName: node
  linkType: hard

"@voidzero-dev/vite-plus-darwin-arm64@npm:0.1.20":
  version: 0.1.20
  resolution: "@voidzero-dev/vite-plus-darwin-arm64@npm:0.1.20"
  conditions: os=darwin & cpu=arm64
  languageName: node
  linkType: hard

"@voidzero-dev/vite-plus-darwin-x64@npm:0.1.20":
  version: 0.1.20
  resolution: "@voidzero-dev/vite-plus-darwin-x64@npm:0.1.20"
  conditions: os=darwin & cpu=x64
  languageName: node
  linkType: hard

"@voidzero-dev/vite-plus-linux-arm64-gnu@npm:0.1.20":
  version: 0.1.20
  resolution: "@voidzero-dev/vite-plus-linux-arm64-gnu@npm:0.1.20"
  conditions: os=linux & cpu=arm64 & libc=glibc
  languageName: node
  linkType: hard

"@voidzero-dev/vite-plus-linux-arm64-musl@npm:0.1.20":
  version: 0.1.20
  resolution: "@voidzero-dev/vite-plus-linux-arm64-musl@npm:0.1.20"
  conditions: os=linux & cpu=arm64 & libc=musl
  languageName: node
  linkType: hard

"@voidzero-dev/vite-plus-linux-x64-gnu@npm:0.1.20":
  version: 0.1.20
  resolution: "@voidzero-dev/vite-plus-linux-x64-gnu@npm:0.1.20"
  conditions: os=linux & cpu=x64 & libc=glibc
  languageName: node
  linkType: hard

"@voidzero-dev/vite-plus-linux-x64-musl@npm:0.1.20":
  version: 0.1.20
  resolution: "@voidzero-dev/vite-plus-linux-x64-musl@npm:0.1.20"
  conditions: os=linux & cpu=x64 & libc=musl
  languageName: node
  linkType: hard

"@voidzero-dev/vite-plus-test@npm:0.1.20":
  version: 0.1.20
  resolution: "@voidzero-dev/vite-plus-test@npm:0.1.20"
  dependencies:
    "@standard-schema/spec": "npm:^1.1.0"
    "@types/chai": "npm:^5.2.2"
    "@voidzero-dev/vite-plus-core": "npm:0.1.20"
    es-module-lexer: "npm:^1.7.0"
    obug: "npm:^2.1.1"
    pixelmatch: "npm:^7.1.0"
    pngjs: "npm:^7.0.0"
    sirv: "npm:^3.0.2"
    std-env: "npm:^4.0.0"
    tinybench: "npm:^2.9.0"
    tinyexec: "npm:^1.0.2"
    tinyglobby: "npm:^0.2.15"
    ws: "npm:^8.18.3"
  peerDependencies:
    "@edge-runtime/vm": "*"
    "@opentelemetry/api": ^1.9.0
    "@types/node": ^20.0.0 || ^22.0.0 || >=24.0.0
    "@vitest/coverage-istanbul": 4.1.5
    "@vitest/coverage-v8": 4.1.5
    "@vitest/ui": 4.1.5
    happy-dom: "*"
    jsdom: "*"
    vite: ^6.0.0 || ^7.0.0 || ^8.0.0
  peerDependenciesMeta:
    "@edge-runtime/vm":
      optional: true
    "@opentelemetry/api":
      optional: true
    "@types/node":
      optional: true
    "@vitest/coverage-istanbul":
      optional: true
    "@vitest/coverage-v8":
      optional: true
    "@vitest/ui":
      optional: true
    happy-dom:
      optional: true
    jsdom:
      optional: true
    vite:
      optional: false
  checksum: 10/d905cdce648b374c5f107240446037425e5d6382023e728885107dc410dae7f0669b0bd614c086f3b58d22a68579f4713fd9b26f2e156cab617157d431248d77
  languageName: node
  linkType: hard

"@voidzero-dev/vite-plus-win32-arm64-msvc@npm:0.1.20":
  version: 0.1.20
  resolution: "@voidzero-dev/vite-plus-win32-arm64-msvc@npm:0.1.20"
  conditions: os=win32 & cpu=arm64
  languageName: node
  linkType: hard

"@voidzero-dev/vite-plus-win32-x64-msvc@npm:0.1.20":
  version: 0.1.20
  resolution: "@voidzero-dev/vite-plus-win32-x64-msvc@npm:0.1.20"
  conditions: os=win32 & cpu=x64
  languageName: node
  linkType: hard

"abbrev@npm:^4.0.0":
  version: 4.0.0
  resolution: "abbrev@npm:4.0.0"
  checksum: 10/e2f0c6a6708ad738b3e8f50233f4800de31ad41a6cdc50e0cbe51b76fed69fd0213516d92c15ce1a9985fca71a14606a9be22bf00f8475a58987b9bfb671c582
  languageName: node
  linkType: hard

"assertion-error@npm:^2.0.1":
  version: 2.0.1
  resolution: "assertion-error@npm:2.0.1"
  checksum: 10/a0789dd882211b87116e81e2648ccb7f60340b34f19877dd020b39ebb4714e475eb943e14ba3e22201c221ef6645b7bfe10297e76b6ac95b48a9898c1211ce66
  languageName: node
  linkType: hard

"chownr@npm:^3.0.0":
  version: 3.0.0
  resolution: "chownr@npm:3.0.0"
  checksum: 10/b63cb1f73d171d140a2ed8154ee6566c8ab775d3196b0e03a2a94b5f6a0ce7777ee5685ca56849403c8d17bd457a6540672f9a60696a6137c7a409097495b82c
  languageName: node
  linkType: hard

"detect-libc@npm:^2.0.3":
  version: 2.1.2
  resolution: "detect-libc@npm:2.1.2"
  checksum: 10/b736c8d97d5d46164c0d1bed53eb4e6a3b1d8530d460211e2d52f1c552875e706c58a5376854e4e54f8b828c9cada58c855288c968522eb93ac7696d65970766
  languageName: node
  linkType: hard

"env-paths@npm:^2.2.0":
  version: 2.2.1
  resolution: "env-paths@npm:2.2.1"
  checksum: 10/65b5df55a8bab92229ab2b40dad3b387fad24613263d103a97f91c9fe43ceb21965cd3392b1ccb5d77088021e525c4e0481adb309625d0cb94ade1d1fb8dc17e
  languageName: node
  linkType: hard

"es-module-lexer@npm:^1.7.0":
  version: 1.7.0
  resolution: "es-module-lexer@npm:1.7.0"
  checksum: 10/b6f3e576a3fed4d82b0d0ad4bbf6b3a5ad694d2e7ce8c4a069560da3db6399381eaba703616a182b16dde50ce998af64e07dcf49f2ae48153b9e07be3f107087
  languageName: node
  linkType: hard

"exponential-backoff@npm:^3.1.1":
  version: 3.1.3
  resolution: "exponential-backoff@npm:3.1.3"
  checksum: 10/ca25962b4bbab943b7c4ed0b5228e263833a5063c65e1cdeac4be9afad350aae5466e8e619b5051f4f8d37b2144a2d6e8fcc771b6cc82934f7dade2f964f652c
  languageName: node
  linkType: hard

"fdir@npm:^6.5.0":
  version: 6.5.0
  resolution: "fdir@npm:6.5.0"
  peerDependencies:
    picomatch: ^3 || ^4
  peerDependenciesMeta:
    picomatch:
      optional: true
  checksum: 10/14ca1c9f0a0e8f4f2e9bf4e8551065a164a09545dae548c12a18d238b72e51e5a7b39bd8e5494b56463a0877672d0a6c1ef62c6fa0677db1b0c847773be939b1
  languageName: node
  linkType: hard

"fsevents@npm:~2.3.3":
  version: 2.3.3
  resolution: "fsevents@npm:2.3.3"
  dependencies:
    node-gyp: "npm:latest"
  checksum: 10/4c1ade961ded57cdbfbb5cac5106ec17bc8bccd62e16343c569a0ceeca83b9dfef87550b4dc5cbb89642da412b20c5071f304c8c464b80415446e8e155a038c0
  conditions: os=darwin
  languageName: node
  linkType: hard

"fsevents@patch:fsevents@npm%3A~2.3.3#optional!builtin<compat/fsevents>":
  version: 2.3.3
  resolution: "fsevents@patch:fsevents@npm%3A2.3.3#optional!builtin<compat/fsevents>::version=2.3.3&hash=df0bf1"
  dependencies:
    node-gyp: "npm:latest"
  conditions: os=darwin
  languageName: node
  linkType: hard

"graceful-fs@npm:^4.2.6":
  version: 4.2.11
  resolution: "graceful-fs@npm:4.2.11"
  checksum: 10/bf152d0ed1dc159239db1ba1f74fdbc40cb02f626770dcd5815c427ce0688c2635a06ed69af364396da4636d0408fcf7d4afdf7881724c3307e46aff30ca49e2
  languageName: node
  linkType: hard

"isexe@npm:^4.0.0":
  version: 4.0.0
  resolution: "isexe@npm:4.0.0"
  checksum: 10/2ead327ef596042ef9c9ec5f236b316acfaedb87f4bb61b3c3d574fb2e9c8a04b67305e04733bde52c24d9622fdebd3270aadb632adfbf9cadef88fe30f479e5
  languageName: node
  linkType: hard

"lightningcss-android-arm64@npm:1.32.0":
  version: 1.32.0
  resolution: "lightningcss-android-arm64@npm:1.32.0"
  conditions: os=android & cpu=arm64
  languageName: node
  linkType: hard

"lightningcss-darwin-arm64@npm:1.32.0":
  version: 1.32.0
  resolution: "lightningcss-darwin-arm64@npm:1.32.0"
  conditions: os=darwin & cpu=arm64
  languageName: node
  linkType: hard

"lightningcss-darwin-x64@npm:1.32.0":
  version: 1.32.0
  resolution: "lightningcss-darwin-x64@npm:1.32.0"
  conditions: os=darwin & cpu=x64
  languageName: node
  linkType: hard

"lightningcss-freebsd-x64@npm:1.32.0":
  version: 1.32.0
  resolution: "lightningcss-freebsd-x64@npm:1.32.0"
  conditions: os=freebsd & cpu=x64
  languageName: node
  linkType: hard

"lightningcss-linux-arm-gnueabihf@npm:1.32.0":
  version: 1.32.0
  resolution: "lightningcss-linux-arm-gnueabihf@npm:1.32.0"
  conditions: os=linux & cpu=arm
  languageName: node
  linkType: hard

"lightningcss-linux-arm64-gnu@npm:1.32.0":
  version: 1.32.0
  resolution: "lightningcss-linux-arm64-gnu@npm:1.32.0"
  conditions: os=linux & cpu=arm64 & libc=glibc
  languageName: node
  linkType: hard

"lightningcss-linux-arm64-musl@npm:1.32.0":
  version: 1.32.0
  resolution: "lightningcss-linux-arm64-musl@npm:1.32.0"
  conditions: os=linux & cpu=arm64 & libc=musl
  languageName: node
  linkType: hard

"lightningcss-linux-x64-gnu@npm:1.32.0":
  version: 1.32.0
  resolution: "lightningcss-linux-x64-gnu@npm:1.32.0"
  conditions: os=linux & cpu=x64 & libc=glibc
  languageName: node
  linkType: hard

"lightningcss-linux-x64-musl@npm:1.32.0":
  version: 1.32.0
  resolution: "lightningcss-linux-x64-musl@npm:1.32.0"
  conditions: os=linux & cpu=x64 & libc=musl
  languageName: node
  linkType: hard

"lightningcss-win32-arm64-msvc@npm:1.32.0":
  version: 1.32.0
  resolution: "lightningcss-win32-arm64-msvc@npm:1.32.0"
  conditions: os=win32 & cpu=arm64
  languageName: node
  linkType: hard

"lightningcss-win32-x64-msvc@npm:1.32.0":
  version: 1.32.0
  resolution: "lightningcss-win32-x64-msvc@npm:1.32.0"
  conditions: os=win32 & cpu=x64
  languageName: node
  linkType: hard

"lightningcss@npm:^1.30.2":
  version: 1.32.0
  resolution: "lightningcss@npm:1.32.0"
  dependencies:
    detect-libc: "npm:^2.0.3"
    lightningcss-android-arm64: "npm:1.32.0"
    lightningcss-darwin-arm64: "npm:1.32.0"
    lightningcss-darwin-x64: "npm:1.32.0"
    lightningcss-freebsd-x64: "npm:1.32.0"
    lightningcss-linux-arm-gnueabihf: "npm:1.32.0"
    lightningcss-linux-arm64-gnu: "npm:1.32.0"
    lightningcss-linux-arm64-musl: "npm:1.32.0"
    lightningcss-linux-x64-gnu: "npm:1.32.0"
    lightningcss-linux-x64-musl: "npm:1.32.0"
    lightningcss-win32-arm64-msvc: "npm:1.32.0"
    lightningcss-win32-x64-msvc: "npm:1.32.0"
  dependenciesMeta:
    lightningcss-android-arm64:
      optional: true
    lightningcss-darwin-arm64:
      optional: true
    lightningcss-darwin-x64:
      optional: true
    lightningcss-freebsd-x64:
      optional: true
    lightningcss-linux-arm-gnueabihf:
      optional: true
    lightningcss-linux-arm64-gnu:
      optional: true
    lightningcss-linux-arm64-musl:
      optional: true
    lightningcss-linux-x64-gnu:
      optional: true
    lightningcss-linux-x64-musl:
      optional: true
    lightningcss-win32-arm64-msvc:
      optional: true
    lightningcss-win32-x64-msvc:
      optional: true
  checksum: 10/098e61007f0d0ec8b5c50884e33b543b551d1ff21bc7b062434b6638fd0b8596858f823b60dfc2a4aa756f3cb120ad79f2b7f4a55b1bda2c0269ab8cf476f114
  languageName: node
  linkType: hard

"minipass@npm:^7.0.4, minipass@npm:^7.1.2":
  version: 7.1.3
  resolution: "minipass@npm:7.1.3"
  checksum: 10/175e4d5e20980c3cd316ae82d2c031c42f6c746467d8b1905b51060a0ba4461441a0c25bb67c025fd9617f9a3873e152c7b543c6b5ac83a1846be8ade80dffd6
  languageName: node
  linkType: hard

"minizlib@npm:^3.1.0":
  version: 3.1.0
  resolution: "minizlib@npm:3.1.0"
  dependencies:
    minipass: "npm:^7.1.2"
  checksum: 10/f47365cc2cb7f078cbe7e046eb52655e2e7e97f8c0a9a674f4da60d94fb0624edfcec9b5db32e8ba5a99a5f036f595680ae6fe02a262beaa73026e505cc52f99
  languageName: node
  linkType: hard

"mrmime@npm:^2.0.0":
  version: 2.0.1
  resolution: "mrmime@npm:2.0.1"
  checksum: 10/1f966e2c05b7264209c4149ae50e8e830908eb64dd903535196f6ad72681fa109b794007288a3c2814f7a1ecf9ca192769909c0c374d974d604a8de5fc095d4a
  languageName: node
  linkType: hard

"nanoid@npm:^3.3.11":
  version: 3.3.11
  resolution: "nanoid@npm:3.3.11"
  bin:
    nanoid: bin/nanoid.cjs
  checksum: 10/73b5afe5975a307aaa3c95dfe3334c52cdf9ae71518176895229b8d65ab0d1c0417dd081426134eb7571c055720428ea5d57c645138161e7d10df80815527c48
  languageName: node
  linkType: hard

"node-gyp@npm:latest":
  version: 12.3.0
  resolution: "node-gyp@npm:12.3.0"
  dependencies:
    env-paths: "npm:^2.2.0"
    exponential-backoff: "npm:^3.1.1"
    graceful-fs: "npm:^4.2.6"
    nopt: "npm:^9.0.0"
    proc-log: "npm:^6.0.0"
    semver: "npm:^7.3.5"
    tar: "npm:^7.5.4"
    tinyglobby: "npm:^0.2.12"
    undici: "npm:^6.25.0"
    which: "npm:^6.0.0"
  bin:
    node-gyp: bin/node-gyp.js
  checksum: 10/cd97bf17f0f3e6288c42cc23a6db8528a98e7530abdb72ab558272906d603362e4558069f99f8a5250bc78f65ff305b1438caca4f1b31c81904a8798c242603e
  languageName: node
  linkType: hard

"nopt@npm:^9.0.0":
  version: 9.0.0
  resolution: "nopt@npm:9.0.0"
  dependencies:
    abbrev: "npm:^4.0.0"
  bin:
    nopt: bin/nopt.js
  checksum: 10/56a1ccd2ad711fb5115918e2c96828703cddbe12ba2c3bd00591758f6fa30e6f47dd905c59dbfcf9b773f3a293b45996609fb6789ae29d6bfcc3cf3a6f7d9fda
  languageName: node
  linkType: hard

"obug@npm:^2.1.1":
  version: 2.1.1
  resolution: "obug@npm:2.1.1"
  checksum: 10/bdcf9213361786688019345f3452b95a1dc73710e4b403c82a1994b98bad6abc31b26cb72a482128c5fd53ea9daf6fbb7d0e0e7b2b7e9c8be6d779deeccee07f
  languageName: node
  linkType: hard

"oxfmt@npm:=0.46.0":
  version: 0.46.0
  resolution: "oxfmt@npm:0.46.0"
  dependencies:
    "@oxfmt/binding-android-arm-eabi": "npm:0.46.0"
    "@oxfmt/binding-android-arm64": "npm:0.46.0"
    "@oxfmt/binding-darwin-arm64": "npm:0.46.0"
    "@oxfmt/binding-darwin-x64": "npm:0.46.0"
    "@oxfmt/binding-freebsd-x64": "npm:0.46.0"
    "@oxfmt/binding-linux-arm-gnueabihf": "npm:0.46.0"
    "@oxfmt/binding-linux-arm-musleabihf": "npm:0.46.0"
    "@oxfmt/binding-linux-arm64-gnu": "npm:0.46.0"
    "@oxfmt/binding-linux-arm64-musl": "npm:0.46.0"
    "@oxfmt/binding-linux-ppc64-gnu": "npm:0.46.0"
    "@oxfmt/binding-linux-riscv64-gnu": "npm:0.46.0"
    "@oxfmt/binding-linux-riscv64-musl": "npm:0.46.0"
    "@oxfmt/binding-linux-s390x-gnu": "npm:0.46.0"
    "@oxfmt/binding-linux-x64-gnu": "npm:0.46.0"
    "@oxfmt/binding-linux-x64-musl": "npm:0.46.0"
    "@oxfmt/binding-openharmony-arm64": "npm:0.46.0"
    "@oxfmt/binding-win32-arm64-msvc": "npm:0.46.0"
    "@oxfmt/binding-win32-ia32-msvc": "npm:0.46.0"
    "@oxfmt/binding-win32-x64-msvc": "npm:0.46.0"
    tinypool: "npm:2.1.0"
  dependenciesMeta:
    "@oxfmt/binding-android-arm-eabi":
      optional: true
    "@oxfmt/binding-android-arm64":
      optional: true
    "@oxfmt/binding-darwin-arm64":
      optional: true
    "@oxfmt/binding-darwin-x64":
      optional: true
    "@oxfmt/binding-freebsd-x64":
      optional: true
    "@oxfmt/binding-linux-arm-gnueabihf":
      optional: true
    "@oxfmt/binding-linux-arm-musleabihf":
      optional: true
    "@oxfmt/binding-linux-arm64-gnu":
      optional: true
    "@oxfmt/binding-linux-arm64-musl":
      optional: true
    "@oxfmt/binding-linux-ppc64-gnu":
      optional: true
    "@oxfmt/binding-linux-riscv64-gnu":
      optional: true
    "@oxfmt/binding-linux-riscv64-musl":
      optional: true
    "@oxfmt/binding-linux-s390x-gnu":
      optional: true
    "@oxfmt/binding-linux-x64-gnu":
      optional: true
    "@oxfmt/binding-linux-x64-musl":
      optional: true
    "@oxfmt/binding-openharmony-arm64":
      optional: true
    "@oxfmt/binding-win32-arm64-msvc":
      optional: true
    "@oxfmt/binding-win32-ia32-msvc":
      optional: true
    "@oxfmt/binding-win32-x64-msvc":
      optional: true
  bin:
    oxfmt: bin/oxfmt
  checksum: 10/c55df6dfb3654117c78f41f57ea8b6fb81d3662f60c036e1169c594237867f4f3183715e65521f344363cf196524ad78c6811d9ede2517d59d5c212d8aabd654
  languageName: node
  linkType: hard

"oxlint-tsgolint@npm:=0.22.0":
  version: 0.22.0
  resolution: "oxlint-tsgolint@npm:0.22.0"
  dependencies:
    "@oxlint-tsgolint/darwin-arm64": "npm:0.22.0"
    "@oxlint-tsgolint/darwin-x64": "npm:0.22.0"
    "@oxlint-tsgolint/linux-arm64": "npm:0.22.0"
    "@oxlint-tsgolint/linux-x64": "npm:0.22.0"
    "@oxlint-tsgolint/win32-arm64": "npm:0.22.0"
    "@oxlint-tsgolint/win32-x64": "npm:0.22.0"
  dependenciesMeta:
    "@oxlint-tsgolint/darwin-arm64":
      optional: true
    "@oxlint-tsgolint/darwin-x64":
      optional: true
    "@oxlint-tsgolint/linux-arm64":
      optional: true
    "@oxlint-tsgolint/linux-x64":
      optional: true
    "@oxlint-tsgolint/win32-arm64":
      optional: true
    "@oxlint-tsgolint/win32-x64":
      optional: true
  bin:
    tsgolint: bin/tsgolint.js
  checksum: 10/d255f83f12fb977cc24262c7fc0a832f70d05f3c67bf4c674dfc7a3b846f9c694452b4c4478548924b68d391cd690068caebe8dc64f9592efa6cc34ae2c454cf
  languageName: node
  linkType: hard

"oxlint@npm:=1.61.0":
  version: 1.61.0
  resolution: "oxlint@npm:1.61.0"
  dependencies:
    "@oxlint/binding-android-arm-eabi": "npm:1.61.0"
    "@oxlint/binding-android-arm64": "npm:1.61.0"
    "@oxlint/binding-darwin-arm64": "npm:1.61.0"
    "@oxlint/binding-darwin-x64": "npm:1.61.0"
    "@oxlint/binding-freebsd-x64": "npm:1.61.0"
    "@oxlint/binding-linux-arm-gnueabihf": "npm:1.61.0"
    "@oxlint/binding-linux-arm-musleabihf": "npm:1.61.0"
    "@oxlint/binding-linux-arm64-gnu": "npm:1.61.0"
    "@oxlint/binding-linux-arm64-musl": "npm:1.61.0"
    "@oxlint/binding-linux-ppc64-gnu": "npm:1.61.0"
    "@oxlint/binding-linux-riscv64-gnu": "npm:1.61.0"
    "@oxlint/binding-linux-riscv64-musl": "npm:1.61.0"
    "@oxlint/binding-linux-s390x-gnu": "npm:1.61.0"
    "@oxlint/binding-linux-x64-gnu": "npm:1.61.0"
    "@oxlint/binding-linux-x64-musl": "npm:1.61.0"
    "@oxlint/binding-openharmony-arm64": "npm:1.61.0"
    "@oxlint/binding-win32-arm64-msvc": "npm:1.61.0"
    "@oxlint/binding-win32-ia32-msvc": "npm:1.61.0"
    "@oxlint/binding-win32-x64-msvc": "npm:1.61.0"
  peerDependencies:
    oxlint-tsgolint: ">=0.18.0"
  dependenciesMeta:
    "@oxlint/binding-android-arm-eabi":
      optional: true
    "@oxlint/binding-android-arm64":
      optional: true
    "@oxlint/binding-darwin-arm64":
      optional: true
    "@oxlint/binding-darwin-x64":
      optional: true
    "@oxlint/binding-freebsd-x64":
      optional: true
    "@oxlint/binding-linux-arm-gnueabihf":
      optional: true
    "@oxlint/binding-linux-arm-musleabihf":
      optional: true
    "@oxlint/binding-linux-arm64-gnu":
      optional: true
    "@oxlint/binding-linux-arm64-musl":
      optional: true
    "@oxlint/binding-linux-ppc64-gnu":
      optional: true
    "@oxlint/binding-linux-riscv64-gnu":
      optional: true
    "@oxlint/binding-linux-riscv64-musl":
      optional: true
    "@oxlint/binding-linux-s390x-gnu":
      optional: true
    "@oxlint/binding-linux-x64-gnu":
      optional: true
    "@oxlint/binding-linux-x64-musl":
      optional: true
    "@oxlint/binding-openharmony-arm64":
      optional: true
    "@oxlint/binding-win32-arm64-msvc":
      optional: true
    "@oxlint/binding-win32-ia32-msvc":
      optional: true
    "@oxlint/binding-win32-x64-msvc":
      optional: true
  peerDependenciesMeta:
    oxlint-tsgolint:
      optional: true
  bin:
    oxlint: bin/oxlint
  checksum: 10/f7d146a0bfba99cbde81fc9d03854fef57217fca18aa6ef469860eba2a722d979c9d0078b224f255f016bf89f509839f18f95afc4c11216963de143f93f3efd8
  languageName: node
  linkType: hard

"picocolors@npm:^1.1.1":
  version: 1.1.1
  resolution: "picocolors@npm:1.1.1"
  checksum: 10/e1cf46bf84886c79055fdfa9dcb3e4711ad259949e3565154b004b260cd356c5d54b31a1437ce9782624bf766272fe6b0154f5f0c744fb7af5d454d2b60db045
  languageName: node
  linkType: hard

"picomatch@npm:^4.0.4":
  version: 4.0.4
  resolution: "picomatch@npm:4.0.4"
  checksum: 10/f6ef80a3590827ce20378ae110ac78209cc4f74d39236370f1780f957b7ee41c12acde0e4651b90f39983506fd2f5e449994716f516db2e9752924aff8de93ce
  languageName: node
  linkType: hard

"pixelmatch@npm:^7.1.0":
  version: 7.2.0
  resolution: "pixelmatch@npm:7.2.0"
  dependencies:
    pngjs: "npm:^7.0.0"
  bin:
    pixelmatch: bin/pixelmatch
  checksum: 10/cba5174bb6fe516f8264416cdd0f82c4e90f1d65a0e747dfd3af3bd06f3b35be63644da83ce1018d7ba6639849abb7501569b6a44f67d4b96334ff631da9dd0c
  languageName: node
  linkType: hard

"pngjs@npm:^7.0.0":
  version: 7.0.0
  resolution: "pngjs@npm:7.0.0"
  checksum: 10/e843ebbb0df092ee0f3a3e7dbd91ff87a239a4e4c4198fff202916bfb33b67622f4b83b3c29f3ccae94fcb97180c289df06068624554f61686fe6b9a4811f7db
  languageName: node
  linkType: hard

"postcss@npm:^8.5.6":
  version: 8.5.12
  resolution: "postcss@npm:8.5.12"
  dependencies:
    nanoid: "npm:^3.3.11"
    picocolors: "npm:^1.1.1"
    source-map-js: "npm:^1.2.1"
  checksum: 10/ec6b79b68c363eca3c8ffceb134a4ab637274aee6ac0857614bf7c18d40ce4ce5f9036edec57b7e0be99895724d2599d0ec7328dbd7f407204e7548697b322f1
  languageName: node
  linkType: hard

"proc-log@npm:^6.0.0":
  version: 6.1.0
  resolution: "proc-log@npm:6.1.0"
  checksum: 10/9033f30f168ed5a0991b773d0c50ff88384c4738e9a0a67d341de36bf7293771eed648ab6a0562f62276da12fde91f3bbfc75ffff6e71ad49aafd74fc646be66
  languageName: node
  linkType: hard

"semver@npm:^7.3.5":
  version: 7.7.4
  resolution: "semver@npm:7.7.4"
  bin:
    semver: bin/semver.js
  checksum: 10/26bdc6d58b29528f4142d29afb8526bc335f4fc04c4a10f2b98b217f277a031c66736bf82d3d3bb354a2f6a3ae50f18fd62b053c4ac3f294a3d10a61f5075b75
  languageName: node
  linkType: hard

"sirv@npm:^3.0.2":
  version: 3.0.2
  resolution: "sirv@npm:3.0.2"
  dependencies:
    "@polka/url": "npm:^1.0.0-next.24"
    mrmime: "npm:^2.0.0"
    totalist: "npm:^3.0.0"
  checksum: 10/259617f4ab57664be6d963f5b27b38a6351d3e91ce70d6726985d087b40efd595fcf7f72ae010babf5e0acb63bcb3e3d6db8de34604da1011be6e28ee32aa15d
  languageName: node
  linkType: hard

"source-map-js@npm:^1.2.1":
  version: 1.2.1
  resolution: "source-map-js@npm:1.2.1"
  checksum: 10/ff9d8c8bf096d534a5b7707e0382ef827b4dd360a577d3f34d2b9f48e12c9d230b5747974ee7c607f0df65113732711bb701fe9ece3c7edbd43cb2294d707df3
  languageName: node
  linkType: hard

"std-env@npm:^4.0.0":
  version: 4.1.0
  resolution: "std-env@npm:4.1.0"
  checksum: 10/008146cdb834010383138d356e0dd3e3b0ac127a8229f711b8c518bb22940813cc0dcd654fc76b17f0b18179f56089f8b8e52bd6a7ffa0041a966581e7a44dbe
  languageName: node
  linkType: hard

"tar@npm:^7.5.4":
  version: 7.5.13
  resolution: "tar@npm:7.5.13"
  dependencies:
    "@isaacs/fs-minipass": "npm:^4.0.0"
    chownr: "npm:^3.0.0"
    minipass: "npm:^7.1.2"
    minizlib: "npm:^3.1.0"
    yallist: "npm:^5.0.0"
  checksum: 10/2bc2b6f0349038a6621dbba1c4522d45752d5071b2994692257113c2050cd23fafc30308f820e5f8ad6fda3f7d7f92adc9a432aa733daa04c42af2061c021c3f
  languageName: node
  linkType: hard

"tinybench@npm:^2.9.0":
  version: 2.9.0
  resolution: "tinybench@npm:2.9.0"
  checksum: 10/cfa1e1418e91289219501703c4693c70708c91ffb7f040fd318d24aef419fb5a43e0c0160df9471499191968b2451d8da7f8087b08c3133c251c40d24aced06c
  languageName: node
  linkType: hard

"tinyexec@npm:^1.0.2":
  version: 1.1.1
  resolution: "tinyexec@npm:1.1.1"
  checksum: 10/480bbd7b0cdd73652e1a03ed82cec29cbde7d75e68094b65d289eb31578d467954d81af41f3a6de0bc805f6c22c89a36d24986a6c4c0349fa230dfb3924530a7
  languageName: node
  linkType: hard

"tinyglobby@npm:^0.2.12, tinyglobby@npm:^0.2.15":
  version: 0.2.16
  resolution: "tinyglobby@npm:0.2.16"
  dependencies:
    fdir: "npm:^6.5.0"
    picomatch: "npm:^4.0.4"
  checksum: 10/5c2c41b572ada38449e7c86a5fe034f204a1dbba577225a761a14f29f48dc3f2fc0d81a6c56fcc67c5a742cc3aa9fb5e2ca18dbf22b610b0bc0e549b34d5a0f8
  languageName: node
  linkType: hard

"tinypool@npm:2.1.0":
  version: 2.1.0
  resolution: "tinypool@npm:2.1.0"
  checksum: 10/c11cfe84e8147d5bf198fe04ea789c068dfa8656c7f3483c76a7408c02d108b2e07d7301458021a0a98952d4a760efb6212ab49a01bac085c4aed3d6ee40ab2d
  languageName: node
  linkType: hard

"totalist@npm:^3.0.0":
  version: 3.0.1
  resolution: "totalist@npm:3.0.1"
  checksum: 10/5132d562cf88ff93fd710770a92f31dbe67cc19b5c6ccae2efc0da327f0954d211bbfd9456389655d726c624f284b4a23112f56d1da931ca7cfabbe1f45e778a
  languageName: node
  linkType: hard

"undici@npm:^6.25.0":
  version: 6.25.0
  resolution: "undici@npm:6.25.0"
  checksum: 10/a475e45da3e1d1073283bb70531666f09a432eabff2b857bd7063d469a1ee1486192ff61dc0dadbb526673ce1120fee14d66a59b6b17d1e0bd3a4d5f0a52d0a6
  languageName: node
  linkType: hard

"vite-plus@npm:latest":
  version: 0.1.20
  resolution: "vite-plus@npm:0.1.20"
  dependencies:
    "@oxc-project/types": "npm:=0.127.0"
    "@voidzero-dev/vite-plus-core": "npm:0.1.20"
    "@voidzero-dev/vite-plus-darwin-arm64": "npm:0.1.20"
    "@voidzero-dev/vite-plus-darwin-x64": "npm:0.1.20"
    "@voidzero-dev/vite-plus-linux-arm64-gnu": "npm:0.1.20"
    "@voidzero-dev/vite-plus-linux-arm64-musl": "npm:0.1.20"
    "@voidzero-dev/vite-plus-linux-x64-gnu": "npm:0.1.20"
    "@voidzero-dev/vite-plus-linux-x64-musl": "npm:0.1.20"
    "@voidzero-dev/vite-plus-test": "npm:0.1.20"
    "@voidzero-dev/vite-plus-win32-arm64-msvc": "npm:0.1.20"
    "@voidzero-dev/vite-plus-win32-x64-msvc": "npm:0.1.20"
    oxfmt: "npm:=0.46.0"
    oxlint: "npm:=1.61.0"
    oxlint-tsgolint: "npm:=0.22.0"
  dependenciesMeta:
    "@voidzero-dev/vite-plus-darwin-arm64":
      optional: true
    "@voidzero-dev/vite-plus-darwin-x64":
      optional: true
    "@voidzero-dev/vite-plus-linux-arm64-gnu":
      optional: true
    "@voidzero-dev/vite-plus-linux-arm64-musl":
      optional: true
    "@voidzero-dev/vite-plus-linux-x64-gnu":
      optional: true
    "@voidzero-dev/vite-plus-linux-x64-musl":
      optional: true
    "@voidzero-dev/vite-plus-win32-arm64-msvc":
      optional: true
    "@voidzero-dev/vite-plus-win32-x64-msvc":
      optional: true
  bin:
    oxfmt: bin/oxfmt
    oxlint: bin/oxlint
    vp: bin/vp
  checksum: 10/7acdee085c5e47e3b96e5bc02fab2675880e460607d07b9d01666ce441c8a6b07fa8665cbdde6458185daf0a47e274586c67e405a8e13724d99ddec44c9ca53e
  languageName: node
  linkType: hard

"which@npm:^6.0.0":
  version: 6.0.1
  resolution: "which@npm:6.0.1"
  dependencies:
    isexe: "npm:^4.0.0"
  bin:
    node-which: bin/which.js
  checksum: 10/dbea77c7d3058bf6c78bf9659d2dce4d2b57d39a15b826b2af6ac2e5a219b99dc8a831b79fdbc453c0598adb4f3f84cf9c2491fd52beb9f5d2dececcad117f68
  languageName: node
  linkType: hard

"ws@npm:^8.18.3":
  version: 8.20.0
  resolution: "ws@npm:8.20.0"
  peerDependencies:
    bufferutil: ^4.0.1
    utf-8-validate: ">=5.0.2"
  peerDependenciesMeta:
    bufferutil:
      optional: true
    utf-8-validate:
      optional: true
  checksum: 10/b7ab934b21ffdea9f25a5af5097e8c1ec7625db553bca026c5a23e35b7c236f3fb89782f2b57fab9da553864512f9aa7d245827ef998d26ffa1b2187a19a6d10
  languageName: node
  linkType: hard

"yallist@npm:^5.0.0":
  version: 5.0.0
  resolution: "yallist@npm:5.0.0"
  checksum: 10/1884d272d485845ad04759a255c71775db0fac56308764b4c77ea56a20d56679fad340213054c8c9c9c26fcfd4c4b2a90df993b7e0aaf3cdb73c618d1d1a802a
  languageName: node
  linkType: hard
